
Microsoft Visual Studio Solution File, Format Version 12.00
# Visual Studio Version 17
VisualStudioVersion = 17.8.34330.188
MinimumVisualStudioVersion = 10.0.40219.1
Project("{8BC9CEB8-8B4A-11D0-8D11-00A0C91BC942}") = "zadanie6-csv", "zadanie6-csv\zadanie6-csv.vcxproj", "{435A5AFC-EDC6-4931-A426-443A62DFD61D}"
EndProject
Global
	GlobalSection(SolutionConfigurationPlatforms) = preSolution
		Debug|x64 = Debug|x64
		Debug|x86 = Debug|x86
		Release|x64 = Release|x64
		Release|x86 = Release|x86
	EndGlobalSection
	GlobalSection(ProjectConfigurationPlatforms) = postSolution
		{435A5AFC-EDC6-4931-A426-443A62DFD61D}.Debug|x64.ActiveCfg = Debug|x64
		{435A5AFC-EDC6-4931-A426-443A62DFD61D}.Debug|x64.Build.0 = Debug|x64
		{435A5AFC-EDC6-4931-A426-443A62DFD61D}.Debug|x86.ActiveCfg = Debug|Win32
		{435A5AFC-EDC6-4931-A426-443A62DFD61D}.Debug|x86.Build.0 = Debug|Win32
		{435A5AFC-EDC6-4931-A426-443A62DFD61D}.Release|x64.ActiveCfg = Release|x64
		{435A5AFC-EDC6-4931-A426-443A62DFD61D}.Release|x64.Build.0 = Release|x64
		{435A5AFC-EDC6-4931-A426-443A62DFD61D}.Release|x86.ActiveCfg = Release|Win32
		{435A5AFC-EDC6-4931-A426-443A62DFD61D}.Release|x86.Build.0 = Release|Win32
	EndGlobalSection
	GlobalSection(SolutionProperties) = preSolution
		HideSolutionNode = FALSE
	EndGlobalSection
	GlobalSection(ExtensibilityGlobals) = postSolution
		SolutionGuid = {A1055258-4BD3-417B-AD80-ED0F479242D6}
	EndGlobalSection
EndGlobal
